
Microsoft Visual Studio Solution File, Format Version 12.00
# Visual Studio Version 17
VisualStudioVersion = 17.8.34316.72
MinimumVisualStudioVersion = 10.0.40219.1
Project("{F14B399A-7131-4C87-9E4B-1186C45EF12D}") = "Zal_BI", "Zal_BI.rptproj", "{16F3A7B9-E323-437D-96A0-0E2A77316692}"
EndProject
Global
	GlobalSection(SolutionConfigurationPlatforms) = preSolution
		Debug|Default = Debug|Default
		DebugLocal|Default = DebugLocal|Default
		Release|Default = Release|Default
	EndGlobalSection
	GlobalSection(ProjectConfigurationPlatforms) = postSolution
		{16F3A7B9-E323-437D-96A0-0E2A77316692}.Debug|Default.ActiveCfg = Debug
		{16F3A7B9-E323-437D-96A0-0E2A77316692}.Debug|Default.Build.0 = Debug
		{16F3A7B9-E323-437D-96A0-0E2A77316692}.Debug|Default.Deploy.0 = Debug
		{16F3A7B9-E323-437D-96A0-0E2A77316692}.DebugLocal|Default.ActiveCfg = DebugLocal
		{16F3A7B9-E323-437D-96A0-0E2A77316692}.DebugLocal|Default.Build.0 = DebugLocal
		{16F3A7B9-E323-437D-96A0-0E2A77316692}.Release|Default.ActiveCfg = Release
		{16F3A7B9-E323-437D-96A0-0E2A77316692}.Release|Default.Build.0 = Release
		{16F3A7B9-E323-437D-96A0-0E2A77316692}.Release|Default.Deploy.0 = Release
	EndGlobalSection
	GlobalSection(SolutionProperties) = preSolution
		HideSolutionNode = FALSE
	EndGlobalSection
	GlobalSection(ExtensibilityGlobals) = postSolution
		SolutionGuid = {F987C761-8D8B-41AD-85FD-8C1F4F4A73C1}
	EndGlobalSection
EndGlobal
